
Microsoft Visual Studio Solution File, Format Version 12.00
# Visual Studio Version 16
VisualStudioVersion = 16.0.31702.278
MinimumVisualStudioVersion = 10.0.40219.1
Project("{9A19103F-16F7-4668-BE54-9A1E7A4F7556}") = "TimeItUpAPI", "TimeItUpAPI\TimeItUpAPI.csproj", "{7EEAD053-5AE3-4B77-9727-F1AFD9BFDD13}"
EndProject
Project("{E24C65DC-7377-472B-9ABA-BC803B73C61A}") = "TimeItUpUI", "TimeItUpUI\", "{A3B83B17-8CEA-416D-9F9D-6A0D47BCBB41}"
	ProjectSection(WebsiteProperties) = preProject
		TargetFrameworkMoniker = ".NETFramework,Version%3Dv4.0"
		Debug.AspNetCompiler.VirtualPath = "/localhost_1030"
		Debug.AspNetCompiler.PhysicalPath = "TimeItUpUI\"
		Debug.AspNetCompiler.TargetPath = "PrecompiledWeb\localhost_1030\"
		Debug.AspNetCompiler.Updateable = "true"
		Debug.AspNetCompiler.ForceOverwrite = "true"
		Debug.AspNetCompiler.FixedNames = "false"
		Debug.AspNetCompiler.Debug = "True"
		Release.AspNetCompiler.VirtualPath = "/localhost_1030"
		Release.AspNetCompiler.PhysicalPath = "TimeItUpUI\"
		Release.AspNetCompiler.TargetPath = "PrecompiledWeb\localhost_1030\"
		Release.AspNetCompiler.Updateable = "true"
		Release.AspNetCompiler.ForceOverwrite = "true"
		Release.AspNetCompiler.FixedNames = "false"
		Release.AspNetCompiler.Debug = "False"
		VWDPort = "1030"
		SlnRelativePath = "TimeItUpUI\"
	EndProjectSection
EndProject
Project("{2150E333-8FDC-42A3-9474-1A3956D46DE8}") = "Backend", "Backend", "{608A8230-1E9E-4509-AB69-D1649811865C}"
EndProject
Project("{2150E333-8FDC-42A3-9474-1A3956D46DE8}") = "Frontend", "Frontend", "{03303D75-F059-4267-8B2D-9324E380246F}"
EndProject
Project("{2150E333-8FDC-42A3-9474-1A3956D46DE8}") = "Database", "Database", "{C7B8FC9B-2314-4C32-B4FD-4724BDAB8F70}"
EndProject
Project("{00D1A9C2-B5F0-4AF3-8072-F6C62B433612}") = "TimeItUpData", "TimeItUpData\TimeItUpData.sqlproj", "{57FBF7B5-76AF-40BA-942C-E8477F9B36DE}"
EndProject
Project("{9A19103F-16F7-4668-BE54-9A1E7A4F7556}") = "TimeItUpData.Library", "TimeItUpData.Library\TimeItUpData.Library.csproj", "{6DF3DC4B-32E2-4271-B4AF-FE3A359A432D}"
EndProject
Project("{2150E333-8FDC-42A3-9474-1A3956D46DE8}") = "Tests", "Tests", "{49883313-5F21-4C29-8C00-DC165F8E6855}"
EndProject
Project("{9A19103F-16F7-4668-BE54-9A1E7A4F7556}") = "TimeItUpAPI.Tests", "TimeItUpAPI.Tests\TimeItUpAPI.Tests.csproj", "{0054C7C5-8BF8-42BA-BD5D-B98AB00D2C5F}"
EndProject
Project("{FAE04EC0-301F-11D3-BF4B-00C04F79EFBC}") = "TimeItUpServices.Library", "TimeItUpServices.Library\TimeItUpServices.Library.csproj", "{2F26F4FE-643C-4C6D-982B-F8539D225867}"
EndProject
Project("{00D1A9C2-B5F0-4AF3-8072-F6C62B433612}") = "TimeItUpDataIdentity", "TimeItUpDataIdentity\TimeItUpDataIdentity.sqlproj", "{BE24551C-1C81-45EE-BBDE-56E3EA597C13}"
EndProject
Global
	GlobalSection(SolutionConfigurationPlatforms) = preSolution
		Debug|Any CPU = Debug|Any CPU
		Release|Any CPU = Release|Any CPU
	EndGlobalSection
	GlobalSection(ProjectConfigurationPlatforms) = postSolution
		{7EEAD053-5AE3-4B77-9727-F1AFD9BFDD13}.Debug|Any CPU.ActiveCfg = Debug|Any CPU
		{7EEAD053-5AE3-4B77-9727-F1AFD9BFDD13}.Debug|Any CPU.Build.0 = Debug|Any CPU
		{7EEAD053-5AE3-4B77-9727-F1AFD9BFDD13}.Release|Any CPU.ActiveCfg = Release|Any CPU
		{7EEAD053-5AE3-4B77-9727-F1AFD9BFDD13}.Release|Any CPU.Build.0 = Release|Any CPU
		{A3B83B17-8CEA-416D-9F9D-6A0D47BCBB41}.Debug|Any CPU.ActiveCfg = Debug|Any CPU
		{A3B83B17-8CEA-416D-9F9D-6A0D47BCBB41}.Debug|Any CPU.Build.0 = Debug|Any CPU
		{A3B83B17-8CEA-416D-9F9D-6A0D47BCBB41}.Release|Any CPU.ActiveCfg = Debug|Any CPU
		{A3B83B17-8CEA-416D-9F9D-6A0D47BCBB41}.Release|Any CPU.Build.0 = Debug|Any CPU
		{57FBF7B5-76AF-40BA-942C-E8477F9B36DE}.Debug|Any CPU.ActiveCfg = Debug|Any CPU
		{57FBF7B5-76AF-40BA-942C-E8477F9B36DE}.Debug|Any CPU.Build.0 = Debug|Any CPU
		{57FBF7B5-76AF-40BA-942C-E8477F9B36DE}.Debug|Any CPU.Deploy.0 = Debug|Any CPU
		{57FBF7B5-76AF-40BA-942C-E8477F9B36DE}.Release|Any CPU.ActiveCfg = Release|Any CPU
		{57FBF7B5-76AF-40BA-942C-E8477F9B36DE}.Release|Any CPU.Build.0 = Release|Any CPU
		{57FBF7B5-76AF-40BA-942C-E8477F9B36DE}.Release|Any CPU.Deploy.0 = Release|Any CPU
		{6DF3DC4B-32E2-4271-B4AF-FE3A359A432D}.Debug|Any CPU.ActiveCfg = Debug|Any CPU
		{6DF3DC4B-32E2-4271-B4AF-FE3A359A432D}.Debug|Any CPU.Build.0 = Debug|Any CPU
		{6DF3DC4B-32E2-4271-B4AF-FE3A359A432D}.Release|Any CPU.ActiveCfg = Release|Any CPU
		{6DF3DC4B-32E2-4271-B4AF-FE3A359A432D}.Release|Any CPU.Build.0 = Release|Any CPU
		{0054C7C5-8BF8-42BA-BD5D-B98AB00D2C5F}.Debug|Any CPU.ActiveCfg = Debug|Any CPU
		{0054C7C5-8BF8-42BA-BD5D-B98AB00D2C5F}.Debug|Any CPU.Build.0 = Debug|Any CPU
		{0054C7C5-8BF8-42BA-BD5D-B98AB00D2C5F}.Release|Any CPU.ActiveCfg = Release|Any CPU
		{0054C7C5-8BF8-42BA-BD5D-B98AB00D2C5F}.Release|Any CPU.Build.0 = Release|Any CPU
		{2F26F4FE-643C-4C6D-982B-F8539D225867}.Debug|Any CPU.ActiveCfg = Debug|Any CPU
		{2F26F4FE-643C-4C6D-982B-F8539D225867}.Debug|Any CPU.Build.0 = Debug|Any CPU
		{2F26F4FE-643C-4C6D-982B-F8539D225867}.Release|Any CPU.ActiveCfg = Release|Any CPU
		{2F26F4FE-643C-4C6D-982B-F8539D225867}.Release|Any CPU.Build.0 = Release|Any CPU
		{BE24551C-1C81-45EE-BBDE-56E3EA597C13}.Debug|Any CPU.ActiveCfg = Debug|Any CPU
		{BE24551C-1C81-45EE-BBDE-56E3EA597C13}.Debug|Any CPU.Build.0 = Debug|Any CPU
		{BE24551C-1C81-45EE-BBDE-56E3EA597C13}.Debug|Any CPU.Deploy.0 = Debug|Any CPU
		{BE24551C-1C81-45EE-BBDE-56E3EA597C13}.Release|Any CPU.ActiveCfg = Release|Any CPU
		{BE24551C-1C81-45EE-BBDE-56E3EA597C13}.Release|Any CPU.Build.0 = Release|Any CPU
		{BE24551C-1C81-45EE-BBDE-56E3EA597C13}.Release|Any CPU.Deploy.0 = Release|Any CPU
	EndGlobalSection
	GlobalSection(SolutionProperties) = preSolution
		HideSolutionNode = FALSE
	EndGlobalSection
	GlobalSection(NestedProjects) = preSolution
		{7EEAD053-5AE3-4B77-9727-F1AFD9BFDD13} = {608A8230-1E9E-4509-AB69-D1649811865C}
		{A3B83B17-8CEA-416D-9F9D-6A0D47BCBB41} = {03303D75-F059-4267-8B2D-9324E380246F}
		{57FBF7B5-76AF-40BA-942C-E8477F9B36DE} = {C7B8FC9B-2314-4C32-B4FD-4724BDAB8F70}
		{6DF3DC4B-32E2-4271-B4AF-FE3A359A432D} = {C7B8FC9B-2314-4C32-B4FD-4724BDAB8F70}
		{0054C7C5-8BF8-42BA-BD5D-B98AB00D2C5F} = {49883313-5F21-4C29-8C00-DC165F8E6855}
		{2F26F4FE-643C-4C6D-982B-F8539D225867} = {608A8230-1E9E-4509-AB69-D1649811865C}
		{BE24551C-1C81-45EE-BBDE-56E3EA597C13} = {C7B8FC9B-2314-4C32-B4FD-4724BDAB8F70}
	EndGlobalSection
	GlobalSection(ExtensibilityGlobals) = postSolution
		SolutionGuid = {42AE796C-7231-4AB3-B93F-6157947A6FDE}
	EndGlobalSection
EndGlobal
